
Microsoft Visual Studio Solution File, Format Version 12.00
# Visual Studio Version 17
VisualStudioVersion = 17.12.35728.132
MinimumVisualStudioVersion = 10.0.40219.1
Project("{FAE04EC0-301F-11D3-BF4B-00C04F79EFBC}") = "HCM.Api", "HCM.Api.csproj", "{67ED2D1E-2233-4BEB-80B6-C214AEC8DBA7}"
EndProject
Project("{FAE04EC0-301F-11D3-BF4B-00C04F79EFBC}") = "HCM.Application", "..\HCM.Application\HCM.Application.csproj", "{C25D0C5A-31A8-4EA0-B156-6FF4A7EF5934}"
EndProject
Project("{FAE04EC0-301F-11D3-BF4B-00C04F79EFBC}") = "HCM.Domain", "..\HCM.Domain\HCM.Domain.csproj", "{C88586AF-873F-49AD-9FE4-9469418FC61F}"
EndProject
Project("{FAE04EC0-301F-11D3-BF4B-00C04F79EFBC}") = "HCM.Persistence", "..\HCM.Persistence\HCM.Persistence.csproj", "{6743CF32-8851-4839-BD80-0D36717092C5}"
EndProject
Global
	GlobalSection(SolutionConfigurationPlatforms) = preSolution
		Debug|Any CPU = Debug|Any CPU
		Release|Any CPU = Release|Any CPU
	EndGlobalSection
	GlobalSection(ProjectConfigurationPlatforms) = postSolution
		{67ED2D1E-2233-4BEB-80B6-C214AEC8DBA7}.Debug|Any CPU.ActiveCfg = Debug|Any CPU
		{67ED2D1E-2233-4BEB-80B6-C214AEC8DBA7}.Debug|Any CPU.Build.0 = Debug|Any CPU
		{67ED2D1E-2233-4BEB-80B6-C214AEC8DBA7}.Release|Any CPU.ActiveCfg = Release|Any CPU
		{67ED2D1E-2233-4BEB-80B6-C214AEC8DBA7}.Release|Any CPU.Build.0 = Release|Any CPU
		{C25D0C5A-31A8-4EA0-B156-6FF4A7EF5934}.Debug|Any CPU.ActiveCfg = Debug|Any CPU
		{C25D0C5A-31A8-4EA0-B156-6FF4A7EF5934}.Debug|Any CPU.Build.0 = Debug|Any CPU
		{C25D0C5A-31A8-4EA0-B156-6FF4A7EF5934}.Release|Any CPU.ActiveCfg = Release|Any CPU
		{C25D0C5A-31A8-4EA0-B156-6FF4A7EF5934}.Release|Any CPU.Build.0 = Release|Any CPU
		{C88586AF-873F-49AD-9FE4-9469418FC61F}.Debug|Any CPU.ActiveCfg = Debug|Any CPU
		{C88586AF-873F-49AD-9FE4-9469418FC61F}.Debug|Any CPU.Build.0 = Debug|Any CPU
		{C88586AF-873F-49AD-9FE4-9469418FC61F}.Release|Any CPU.ActiveCfg = Release|Any CPU
		{C88586AF-873F-49AD-9FE4-9469418FC61F}.Release|Any CPU.Build.0 = Release|Any CPU
		{6743CF32-8851-4839-BD80-0D36717092C5}.Debug|Any CPU.ActiveCfg = Debug|Any CPU
		{6743CF32-8851-4839-BD80-0D36717092C5}.Debug|Any CPU.Build.0 = Debug|Any CPU
		{6743CF32-8851-4839-BD80-0D36717092C5}.Release|Any CPU.ActiveCfg = Release|Any CPU
		{6743CF32-8851-4839-BD80-0D36717092C5}.Release|Any CPU.Build.0 = Release|Any CPU
	EndGlobalSection
	GlobalSection(SolutionProperties) = preSolution
		HideSolutionNode = FALSE
	EndGlobalSection
EndGlobal
